
Microsoft Visual Studio Solution File, Format Version 12.00
# Visual Studio Version 16
VisualStudioVersion = 16.0.32002.261
MinimumVisualStudioVersion = 10.0.40219.1
Project("{FAE04EC0-301F-11D3-BF4B-00C04F79EFBC}") = "CalculaRendaMensal", "CalculaRendaMensal\CalculaRendaMensal.csproj", "{231867E3-17C1-4157-8589-50172F3FC049}"
EndProject
Global
	GlobalSection(SolutionConfigurationPlatforms) = preSolution
		Debug|Any CPU = Debug|Any CPU
		Release|Any CPU = Release|Any CPU
	EndGlobalSection
	GlobalSection(ProjectConfigurationPlatforms) = postSolution
		{231867E3-17C1-4157-8589-50172F3FC049}.Debug|Any CPU.ActiveCfg = Debug|Any CPU
		{231867E3-17C1-4157-8589-50172F3FC049}.Debug|Any CPU.Build.0 = Debug|Any CPU
		{231867E3-17C1-4157-8589-50172F3FC049}.Release|Any CPU.ActiveCfg = Release|Any CPU
		{231867E3-17C1-4157-8589-50172F3FC049}.Release|Any CPU.Build.0 = Release|Any CPU
	EndGlobalSection
	GlobalSection(SolutionProperties) = preSolution
		HideSolutionNode = FALSE
	EndGlobalSection
	GlobalSection(ExtensibilityGlobals) = postSolution
		SolutionGuid = {1CAE100D-7F56-4F2E-B4D2-D34F3811EA98}
	EndGlobalSection
EndGlobal
